
Microsoft Visual Studio Solution File, Format Version 12.00
# Visual Studio Version 17
VisualStudioVersion = 17.5.33424.131
MinimumVisualStudioVersion = 10.0.40219.1
Project("{9A19103F-16F7-4668-BE54-9A1E7A4F7556}") = "api.gateway", "api.gateway\api.gateway.csproj", "{127919E7-8D9F-42D5-98B4-A6835396C03E}"
EndProject
Project("{2150E333-8FDC-42A3-9474-1A3956D46DE8}") = "Services.Books", "Services.Books", "{30090F34-5CDF-4CFF-A3D3-BB28172281F7}"
EndProject
Project("{2150E333-8FDC-42A3-9474-1A3956D46DE8}") = "Services.Subscriptions", "Services.Subscriptions", "{0359460D-216E-44F4-A965-AF5DCAA52878}"
EndProject
Project("{9A19103F-16F7-4668-BE54-9A1E7A4F7556}") = "Api.Books", "Api.Books\Api.Books.csproj", "{49D1FFA5-B9B5-40B5-94F7-73A25A4F7230}"
EndProject
Project("{9A19103F-16F7-4668-BE54-9A1E7A4F7556}") = "Api.Subscriptions", "Api.Subscriptions\Api.Subscriptions.csproj", "{58E94416-41CD-426C-BFDE-B8C7D5B23AAC}"
EndProject
Project("{9A19103F-16F7-4668-BE54-9A1E7A4F7556}") = "Repository.Books", "Repository.Books\Repository.Books.csproj", "{981EE66C-D0B3-477E-99F1-98E89C6BEC5A}"
EndProject
Project("{9A19103F-16F7-4668-BE54-9A1E7A4F7556}") = "Repository.Subscriptions", "Repository.Subscriptions\Repository.Subscriptions.csproj", "{F020DB28-9C3C-4249-ADE1-7845B723FA7C}"
EndProject
Project("{FAE04EC0-301F-11D3-BF4B-00C04F79EFBC}") = "Common", "Common\Common.csproj", "{6F29C0A0-B76A-4686-B577-62DDC9EBD145}"
EndProject
Global
	GlobalSection(SolutionConfigurationPlatforms) = preSolution
		Debug|Any CPU = Debug|Any CPU
		Release|Any CPU = Release|Any CPU
	EndGlobalSection
	GlobalSection(ProjectConfigurationPlatforms) = postSolution
		{127919E7-8D9F-42D5-98B4-A6835396C03E}.Debug|Any CPU.ActiveCfg = Debug|Any CPU
		{127919E7-8D9F-42D5-98B4-A6835396C03E}.Debug|Any CPU.Build.0 = Debug|Any CPU
		{127919E7-8D9F-42D5-98B4-A6835396C03E}.Release|Any CPU.ActiveCfg = Release|Any CPU
		{127919E7-8D9F-42D5-98B4-A6835396C03E}.Release|Any CPU.Build.0 = Release|Any CPU
		{49D1FFA5-B9B5-40B5-94F7-73A25A4F7230}.Debug|Any CPU.ActiveCfg = Debug|Any CPU
		{49D1FFA5-B9B5-40B5-94F7-73A25A4F7230}.Debug|Any CPU.Build.0 = Debug|Any CPU
		{49D1FFA5-B9B5-40B5-94F7-73A25A4F7230}.Release|Any CPU.ActiveCfg = Release|Any CPU
		{49D1FFA5-B9B5-40B5-94F7-73A25A4F7230}.Release|Any CPU.Build.0 = Release|Any CPU
		{58E94416-41CD-426C-BFDE-B8C7D5B23AAC}.Debug|Any CPU.ActiveCfg = Debug|Any CPU
		{58E94416-41CD-426C-BFDE-B8C7D5B23AAC}.Debug|Any CPU.Build.0 = Debug|Any CPU
		{58E94416-41CD-426C-BFDE-B8C7D5B23AAC}.Release|Any CPU.ActiveCfg = Release|Any CPU
		{58E94416-41CD-426C-BFDE-B8C7D5B23AAC}.Release|Any CPU.Build.0 = Release|Any CPU
		{981EE66C-D0B3-477E-99F1-98E89C6BEC5A}.Debug|Any CPU.ActiveCfg = Debug|Any CPU
		{981EE66C-D0B3-477E-99F1-98E89C6BEC5A}.Debug|Any CPU.Build.0 = Debug|Any CPU
		{981EE66C-D0B3-477E-99F1-98E89C6BEC5A}.Release|Any CPU.ActiveCfg = Release|Any CPU
		{981EE66C-D0B3-477E-99F1-98E89C6BEC5A}.Release|Any CPU.Build.0 = Release|Any CPU
		{F020DB28-9C3C-4249-ADE1-7845B723FA7C}.Debug|Any CPU.ActiveCfg = Debug|Any CPU
		{F020DB28-9C3C-4249-ADE1-7845B723FA7C}.Debug|Any CPU.Build.0 = Debug|Any CPU
		{F020DB28-9C3C-4249-ADE1-7845B723FA7C}.Release|Any CPU.ActiveCfg = Release|Any CPU
		{F020DB28-9C3C-4249-ADE1-7845B723FA7C}.Release|Any CPU.Build.0 = Release|Any CPU
		{6F29C0A0-B76A-4686-B577-62DDC9EBD145}.Debug|Any CPU.ActiveCfg = Debug|Any CPU
		{6F29C0A0-B76A-4686-B577-62DDC9EBD145}.Debug|Any CPU.Build.0 = Debug|Any CPU
		{6F29C0A0-B76A-4686-B577-62DDC9EBD145}.Release|Any CPU.ActiveCfg = Release|Any CPU
		{6F29C0A0-B76A-4686-B577-62DDC9EBD145}.Release|Any CPU.Build.0 = Release|Any CPU
	EndGlobalSection
	GlobalSection(SolutionProperties) = preSolution
		HideSolutionNode = FALSE
	EndGlobalSection
	GlobalSection(NestedProjects) = preSolution
		{49D1FFA5-B9B5-40B5-94F7-73A25A4F7230} = {30090F34-5CDF-4CFF-A3D3-BB28172281F7}
		{58E94416-41CD-426C-BFDE-B8C7D5B23AAC} = {0359460D-216E-44F4-A965-AF5DCAA52878}
		{981EE66C-D0B3-477E-99F1-98E89C6BEC5A} = {30090F34-5CDF-4CFF-A3D3-BB28172281F7}
		{F020DB28-9C3C-4249-ADE1-7845B723FA7C} = {0359460D-216E-44F4-A965-AF5DCAA52878}
	EndGlobalSection
	GlobalSection(ExtensibilityGlobals) = postSolution
		SolutionGuid = {15E108BE-49BF-4A0B-8074-FF91A4F353C7}
	EndGlobalSection
EndGlobal
